
Microsoft Visual Studio Solution File, Format Version 12.00
# Visual Studio Version 16
VisualStudioVersion = 16.0.29728.190
MinimumVisualStudioVersion = 10.0.40219.1
Project("{FAE04EC0-301F-11D3-BF4B-00C04F79EFBC}") = "TicTacToe.Business", "TicTacToe.Business\TicTacToe.Business.csproj", "{3DF010D4-781F-403E-9378-DB68245F9220}"
EndProject
Project("{9A19103F-16F7-4668-BE54-9A1E7A4F7556}") = "TicTacToe.Api", "TicTacToe.Api\TicTacToe.Api.csproj", "{9B08C8B3-349B-4F13-9BE7-61681E1BA92B}"
EndProject
Project("{2150E333-8FDC-42A3-9474-1A3956D46DE8}") = "Solution Items", "Solution Items", "{8D84C763-CFE4-4FBB-8F0B-0B6C7A349CF9}"
	ProjectSection(SolutionItems) = preProject
		.editorconfig = .editorconfig
	EndProjectSection
EndProject
Global
	GlobalSection(SolutionConfigurationPlatforms) = preSolution
		Debug|Any CPU = Debug|Any CPU
		Release|Any CPU = Release|Any CPU
	EndGlobalSection
	GlobalSection(ProjectConfigurationPlatforms) = postSolution
		{3DF010D4-781F-403E-9378-DB68245F9220}.Debug|Any CPU.ActiveCfg = Debug|Any CPU
		{3DF010D4-781F-403E-9378-DB68245F9220}.Debug|Any CPU.Build.0 = Debug|Any CPU
		{3DF010D4-781F-403E-9378-DB68245F9220}.Release|Any CPU.ActiveCfg = Release|Any CPU
		{3DF010D4-781F-403E-9378-DB68245F9220}.Release|Any CPU.Build.0 = Release|Any CPU
		{9B08C8B3-349B-4F13-9BE7-61681E1BA92B}.Debug|Any CPU.ActiveCfg = Debug|Any CPU
		{9B08C8B3-349B-4F13-9BE7-61681E1BA92B}.Debug|Any CPU.Build.0 = Debug|Any CPU
		{9B08C8B3-349B-4F13-9BE7-61681E1BA92B}.Release|Any CPU.ActiveCfg = Release|Any CPU
		{9B08C8B3-349B-4F13-9BE7-61681E1BA92B}.Release|Any CPU.Build.0 = Release|Any CPU
	EndGlobalSection
	GlobalSection(SolutionProperties) = preSolution
		HideSolutionNode = FALSE
	EndGlobalSection
	GlobalSection(ExtensibilityGlobals) = postSolution
		SolutionGuid = {9E99346D-24FD-464D-87CA-A49364DF40D5}
	EndGlobalSection
EndGlobal
